
Microsoft Visual Studio Solution File, Format Version 12.00
# Visual Studio 15
VisualStudioVersion = 15.0.27703.2042
MinimumVisualStudioVersion = 10.0.40219.1
Project("{9A19103F-16F7-4668-BE54-9A1E7A4F7556}") = "ConsoleTest", "ConsoleTest\ConsoleTest.csproj", "{EF79C662-59AB-4554-BE73-0CFB39A4327F}"
EndProject
Project("{9A19103F-16F7-4668-BE54-9A1E7A4F7556}") = "OpenNLP", "OpenNLP\OpenNLP.csproj", "{74471CE9-9D9C-4459-841A-AF4F270991D4}"
EndProject
Project("{9A19103F-16F7-4668-BE54-9A1E7A4F7556}") = "SharpEntropy", "SharpEntropy\SharpEntropy.csproj", "{FFFF3D5E-E7FA-4903-8986-5FB2484FEED6}"
EndProject
Project("{9A19103F-16F7-4668-BE54-9A1E7A4F7556}") = "SharpWordNet", "SharpWordNet\SharpWordNet.csproj", "{9C9AAD9B-3192-4FF2-A139-E0FD42725F93}"
EndProject
Global
	GlobalSection(SolutionConfigurationPlatforms) = preSolution
		Debug|Any CPU = Debug|Any CPU
		Release|Any CPU = Release|Any CPU
	EndGlobalSection
	GlobalSection(ProjectConfigurationPlatforms) = postSolution
		{EF79C662-59AB-4554-BE73-0CFB39A4327F}.Debug|Any CPU.ActiveCfg = Debug|Any CPU
		{EF79C662-59AB-4554-BE73-0CFB39A4327F}.Debug|Any CPU.Build.0 = Debug|Any CPU
		{EF79C662-59AB-4554-BE73-0CFB39A4327F}.Release|Any CPU.ActiveCfg = Release|Any CPU
		{EF79C662-59AB-4554-BE73-0CFB39A4327F}.Release|Any CPU.Build.0 = Release|Any CPU
		{74471CE9-9D9C-4459-841A-AF4F270991D4}.Debug|Any CPU.ActiveCfg = Debug|Any CPU
		{74471CE9-9D9C-4459-841A-AF4F270991D4}.Debug|Any CPU.Build.0 = Debug|Any CPU
		{74471CE9-9D9C-4459-841A-AF4F270991D4}.Release|Any CPU.ActiveCfg = Release|Any CPU
		{74471CE9-9D9C-4459-841A-AF4F270991D4}.Release|Any CPU.Build.0 = Release|Any CPU
		{FFFF3D5E-E7FA-4903-8986-5FB2484FEED6}.Debug|Any CPU.ActiveCfg = Debug|Any CPU
		{FFFF3D5E-E7FA-4903-8986-5FB2484FEED6}.Debug|Any CPU.Build.0 = Debug|Any CPU
		{FFFF3D5E-E7FA-4903-8986-5FB2484FEED6}.Release|Any CPU.ActiveCfg = Release|Any CPU
		{FFFF3D5E-E7FA-4903-8986-5FB2484FEED6}.Release|Any CPU.Build.0 = Release|Any CPU
		{9C9AAD9B-3192-4FF2-A139-E0FD42725F93}.Debug|Any CPU.ActiveCfg = Debug|Any CPU
		{9C9AAD9B-3192-4FF2-A139-E0FD42725F93}.Debug|Any CPU.Build.0 = Debug|Any CPU
		{9C9AAD9B-3192-4FF2-A139-E0FD42725F93}.Release|Any CPU.ActiveCfg = Release|Any CPU
		{9C9AAD9B-3192-4FF2-A139-E0FD42725F93}.Release|Any CPU.Build.0 = Release|Any CPU
	EndGlobalSection
	GlobalSection(SolutionProperties) = preSolution
		HideSolutionNode = FALSE
	EndGlobalSection
	GlobalSection(ExtensibilityGlobals) = postSolution
		SolutionGuid = {ADB27B26-C8E5-47D3-8BFE-303D5876B4FA}
	EndGlobalSection
EndGlobal
